
Microsoft Visual Studio Solution File, Format Version 12.00
# Visual Studio Version 16
VisualStudioVersion = 16.0.29020.237
MinimumVisualStudioVersion = 10.0.40219.1
Project("{9A19103F-16F7-4668-BE54-9A1E7A4F7556}") = "MoviesDynamoMVC", "MoviesDynamoMVC\MoviesDynamoMVC.csproj", "{1F6B6690-AAD0-420D-BCE7-DDE6642D9245}"
EndProject
Project("{9A19103F-16F7-4668-BE54-9A1E7A4F7556}") = "MovieRank.Libs", "MovieRank.Libs\MovieRank.Libs.csproj", "{7D126075-59D8-4099-BA64-7E93A00F3555}"
EndProject
Project("{9A19103F-16F7-4668-BE54-9A1E7A4F7556}") = "MovieRank.Contracts", "MovieRank.Contracts\MovieRank.Contracts.csproj", "{76185935-F91E-4FA3-9B3D-E4F5787DC2E2}"
EndProject
Global
	GlobalSection(SolutionConfigurationPlatforms) = preSolution
		Debug|Any CPU = Debug|Any CPU
		Release|Any CPU = Release|Any CPU
	EndGlobalSection
	GlobalSection(ProjectConfigurationPlatforms) = postSolution
		{1F6B6690-AAD0-420D-BCE7-DDE6642D9245}.Debug|Any CPU.ActiveCfg = Debug|Any CPU
		{1F6B6690-AAD0-420D-BCE7-DDE6642D9245}.Debug|Any CPU.Build.0 = Debug|Any CPU
		{1F6B6690-AAD0-420D-BCE7-DDE6642D9245}.Release|Any CPU.ActiveCfg = Release|Any CPU
		{1F6B6690-AAD0-420D-BCE7-DDE6642D9245}.Release|Any CPU.Build.0 = Release|Any CPU
		{7D126075-59D8-4099-BA64-7E93A00F3555}.Debug|Any CPU.ActiveCfg = Debug|Any CPU
		{7D126075-59D8-4099-BA64-7E93A00F3555}.Debug|Any CPU.Build.0 = Debug|Any CPU
		{7D126075-59D8-4099-BA64-7E93A00F3555}.Release|Any CPU.ActiveCfg = Release|Any CPU
		{7D126075-59D8-4099-BA64-7E93A00F3555}.Release|Any CPU.Build.0 = Release|Any CPU
		{76185935-F91E-4FA3-9B3D-E4F5787DC2E2}.Debug|Any CPU.ActiveCfg = Debug|Any CPU
		{76185935-F91E-4FA3-9B3D-E4F5787DC2E2}.Debug|Any CPU.Build.0 = Debug|Any CPU
		{76185935-F91E-4FA3-9B3D-E4F5787DC2E2}.Release|Any CPU.ActiveCfg = Release|Any CPU
		{76185935-F91E-4FA3-9B3D-E4F5787DC2E2}.Release|Any CPU.Build.0 = Release|Any CPU
	EndGlobalSection
	GlobalSection(SolutionProperties) = preSolution
		HideSolutionNode = FALSE
	EndGlobalSection
	GlobalSection(ExtensibilityGlobals) = postSolution
		SolutionGuid = {4255C03E-2079-40DD-BA87-2DE5C861AB86}
	EndGlobalSection
EndGlobal
